github.com/stretchr/testify v1.12.1 h1:EuwCh5fleGS7H32xRwO3wRGT7DxrDhLAT6FF8MpWDWE=
github.com/stretchr/testify v1.12.1/go.mod h1:MDEgiDPPsNp5cuIrHPPCyornHKgEVbtFUmoNlxoYthg=
go.osspkg.com/archives v1.2.0 h1:akNK2pTs2HmWQxb/yep0SMNCIU07U3ILuMT6ipS705Y=
go.osspkg.com/archives v1.2.0/go.mod h1:+gqbwAj1sMBIU2lr6S5HAQEOHcMmf2XGziEDQGGY8NI=
go.osspkg.com/casecheck v0.3.1 h1:mxg1WaWy/tv7J05jvf5Idy3ydDYbac3gOOV9NPdjxvU=
go.osspkg.com/casecheck v0.3.1/go.mod h1:TRFXDMFJEOtnlp3ET2Hix3osbxwPWhvaiT/HfD3+gBA=
go.osspkg.com/console v0.3.3 h1:UB/pPoPsgWbyNFix8pEMQHbsXdMv/UK/dgsbRknCH2A=
go.osspkg.com/console v0.3.3/go.mod h1:IknBCliH6mX/ogHa6wbycnGDFYixCGH3WuNc5W5tQe8=
go.osspkg.com/encrypt v0.5.3 h1:/DnWw1zVETxErZa0UD0Xwh7LSPWDHptLvayPSdEAaY4=
go.osspkg.com/encrypt v0.5.3/go.mod h1:xqTL2V0utimVtrL4i86czYe4llQzwDMFx5NWF8pJmxk=
go.osspkg.com/errors v0.4.0 h1:E17+WyUzTXEHCTxGm8lOMPOOojzHG1lsOuQtTVGoATQ=
go.osspkg.com/errors v0.4.0/go.mod h1:s75ZovPemYtrCtRPVsbQNq9MgMbmLMK1NEypr+uwjXI=
go.osspkg.com/ioutils v0.8.0 h1:19RQ2dEw+7uAjPC2FiIM/vqplocpVLD8FLVd1+bJRpE=
go.osspkg.com/ioutils v0.8.0/go.mod h1:afZbM1uMrtfqSJS8OdQgSKfwQm50nHcCAHBSOMZYArE=
go.yaml.in/yaml/v3 v3.0.5 h1:N6y/pJk8buWs9NY5ERU2HSMfm+IuD/OtfdAnq6kESPw=
go.yaml.in/yaml/v3 v3.0.5/go.mod h1:HVTZu1O7/Vkt2N+BFy8Zza+lnLsABggaTM2ZpNIGuKg=
golang.org/x/crypto v0.57.0 h1:3ZVCjf8Ggz7zneR/EHRVx68Ctf+2pmIMP2UFhh9cC6M=
golang.org/x/crypto v0.57.0/go.mod h1:Fdz0i5U6CoizGwLda9DttjSk6qlZo25zYNtR+ycvuZA=
gopkg.in/check.v1 v0.0.0-20161208181325-20d25e280405 h1:yhCVgyC4o1eVCa2tZl7eS0r+SDo693bJlVdllGtEeKM=
gopkg.in/check.v1 v0.0.0-20161208181325-20d25e280405/go.mod h1:Co6ibVJAznAaIkqp8huTwlJQCZ016jof/cbN4VW5Yz0=
gopkg.in/yaml.v3 v3.0.1 h1:fxVm/GzAzEWqLHuvctI91KS9hhNmmWOoWu0XTYJS7CA=
gopkg.in/yaml.v3 v3.0.1/go.mod h1:K4uyk7z7BCEPqu6E+C64Yfv1cQ7kz7rIZviUmN+EgEM=
